// !$*UTF8*$!
{
	archiveVersion = 1;
	classes = {
	};
	objectVersion = 46;
	objects = {

/* Begin PBXBuildFile section */
		35324720FBC03E9269C26560 /* Application.cpp in Sources */ = {isa = PBXBuildFile; fileRef = E3CB23A87941E2DAE7DE39E8 /* Application.cpp */; };
		9F60ECCCFAA2403ECDFC8B0C /* oripch.cpp in Sources */ = {isa = PBXBuildFile; fileRef = 9E821F34B594BA66A5B0B574 /* oripch.cpp */; };
		C91783BC2458D72EF7B321FC /* Log.cpp in Sources */ = {isa = PBXBuildFile; fileRef = E15BD084F86E6BB6E88A66C4 /* Log.cpp */; };
/* End PBXBuildFile section */

/* Begin PBXFileReference section */
		36556DB2673965A47A519BF2 /* Event.hpp */ = {isa = PBXFileReference; lastKnownFileType = text; name = Event.hpp; path = src/Orion/Events/Event.hpp; sourceTree = "<group>"; };
		3CD83DE26ED18894E8B0C422 /* EntryPoint.hpp */ = {isa = PBXFileReference; lastKnownFileType = text; name = EntryPoint.hpp; path = src/Orion/EntryPoint.hpp; sourceTree = "<group>"; };
		5F883AD2F4FEFA04639B5112 /* Application.hpp */ = {isa = PBXFileReference; lastKnownFileType = text; name = Application.hpp; path = src/Orion/Application.hpp; sourceTree = "<group>"; };
		6CCE52AE83E0EDE073FCE8EE /* Log.hpp */ = {isa = PBXFileReference; lastKnownFileType = text; name = Log.hpp; path = src/Orion/Log.hpp; sourceTree = "<group>"; };
		890EFFA4F6370E16F7C9FDE4 /* MouseEvent.hpp */ = {isa = PBXFileReference; lastKnownFileType = text; name = MouseEvent.hpp; path = src/Orion/Events/MouseEvent.hpp; sourceTree = "<group>"; };
		89A57464CDF419D6101B52A4 /* KeyEvent.hpp */ = {isa = PBXFileReference; lastKnownFileType = text; name = KeyEvent.hpp; path = src/Orion/Events/KeyEvent.hpp; sourceTree = "<group>"; };
		99EF3FE23CDD6694CC034622 /* Orion.hpp */ = {isa = PBXFileReference; lastKnownFileType = text; name = Orion.hpp; path = src/Orion.hpp; sourceTree = "<group>"; };
		9E821F34B594BA66A5B0B574 /* oripch.cpp */ = {isa = PBXFileReference; lastKnownFileType = sourcecode.cpp.cpp; name = oripch.cpp; path = src/oripch.cpp; sourceTree = "<group>"; };
		B4A6337ECBB8CEB0BBD4C9BE /* oripch.hpp */ = {isa = PBXFileReference; lastKnownFileType = text; name = oripch.hpp; path = src/oripch.hpp; sourceTree = "<group>"; };
		B582AADAA981F44C2E6D091A /* ApplicationEvent.hpp */ = {isa = PBXFileReference; lastKnownFileType = text; name = ApplicationEvent.hpp; path = src/Orion/Events/ApplicationEvent.hpp; sourceTree = "<group>"; };
		BB0BBA7CE131EA2E4838E0BC /* Core.hpp */ = {isa = PBXFileReference; lastKnownFileType = text; name = Core.hpp; path = src/Orion/Core.hpp; sourceTree = "<group>"; };
		E15BD084F86E6BB6E88A66C4 /* Log.cpp */ = {isa = PBXFileReference; lastKnownFileType = sourcecode.cpp.cpp; name = Log.cpp; path = src/Orion/Log.cpp; sourceTree = "<group>"; };
		E3CB23A87941E2DAE7DE39E8 /* Application.cpp */ = {isa = PBXFileReference; lastKnownFileType = sourcecode.cpp.cpp; name = Application.cpp; path = src/Orion/Application.cpp; sourceTree = "<group>"; };
		EC37D809E59DD97BD9393649 /* libOrion.dylib */ = {isa = PBXFileReference; explicitFileType = "compiled.mach-o.dylib"; includeInIndex = 0; name = libOrion.dylib; path = libOrion.dylib; sourceTree = BUILT_PRODUCTS_DIR; };
/* End PBXFileReference section */

/* Begin PBXFrameworksBuildPhase section */
		C99530F93B20496BEA216F39 /* Frameworks */ = {
			isa = PBXFrameworksBuildPhase;
			buildActionMask = 2147483647;
			files = (
			);
			runOnlyForDeploymentPostprocessing = 0;
		};
/* End PBXFrameworksBuildPhase section */

/* Begin PBXCopyFilesBuildPhase section */
		5970A3A55A23A097CE0571E5 /* Embed Libraries */ = {
			isa = PBXCopyFilesBuildPhase;
			buildActionMask = 2147483647;
			dstPath = "";
			dstSubfolderSpec = 10;
			files = (
			);
			name = "Embed Libraries";
			runOnlyForDeploymentPostprocessing = 0;
		};
/* End PBXCopyFilesBuildPhase section */

/* Begin PBXGroup section */
		5B35CE36AB4962E82DC79476 /* Orion */ = {
			isa = PBXGroup;
			children = (
				E3CB23A87941E2DAE7DE39E8 /* Application.cpp */,
				5F883AD2F4FEFA04639B5112 /* Application.hpp */,
				BB0BBA7CE131EA2E4838E0BC /* Core.hpp */,
				3CD83DE26ED18894E8B0C422 /* EntryPoint.hpp */,
				D9BBCE687CA9F51A0BCFD4A8 /* Events */,
				E15BD084F86E6BB6E88A66C4 /* Log.cpp */,
				6CCE52AE83E0EDE073FCE8EE /* Log.hpp */,
			);
			name = Orion;
			sourceTree = "<group>";
		};
		7875D247129246B95ECD9087 /* Orion */ = {
			isa = PBXGroup;
			children = (
				5B35CE36AB4962E82DC79476 /* Orion */,
				99EF3FE23CDD6694CC034622 /* Orion.hpp */,
				9E821F34B594BA66A5B0B574 /* oripch.cpp */,
				B4A6337ECBB8CEB0BBD4C9BE /* oripch.hpp */,
				A6C936B49B3FADE6EA134CF4 /* Products */,
			);
			name = Orion;
			sourceTree = "<group>";
		};
		A6C936B49B3FADE6EA134CF4 /* Products */ = {
			isa = PBXGroup;
			children = (
				EC37D809E59DD97BD9393649 /* libOrion.dylib */,
			);
			name = Products;
			sourceTree = "<group>";
		};
		D9BBCE687CA9F51A0BCFD4A8 /* Events */ = {
			isa = PBXGroup;
			children = (
				B582AADAA981F44C2E6D091A /* ApplicationEvent.hpp */,
				36556DB2673965A47A519BF2 /* Event.hpp */,
				89A57464CDF419D6101B52A4 /* KeyEvent.hpp */,
				890EFFA4F6370E16F7C9FDE4 /* MouseEvent.hpp */,
			);
			name = Events;
			sourceTree = "<group>";
		};
/* End PBXGroup section */

/* Begin PBXNativeTarget section */
		B3F052CFCB02EE01BB1EE90F /* Orion */ = {
			isa = PBXNativeTarget;
			buildConfigurationList = B7D07958295B91CAD85CB798 /* Build configuration list for PBXNativeTarget "Orion" */;
			buildPhases = (
				397CB199AB07CA0B5A08EFD9 /* Resources */,
				A329CAF014B4E362C3B60930 /* Sources */,
				C99530F93B20496BEA216F39 /* Frameworks */,
				5970A3A55A23A097CE0571E5 /* Embed Libraries */,
			);
			buildRules = (
			);
			dependencies = (
			);
			name = Orion;
			productName = Orion;
			productReference = EC37D809E59DD97BD9393649 /* libOrion.dylib */;
			productType = "com.apple.product-type.library.dynamic";
		};
/* End PBXNativeTarget section */

/* Begin PBXProject section */
		08FB7793FE84155DC02AAC07 /* Project object */ = {
			isa = PBXProject;
			buildConfigurationList = 1DEB928908733DD80010E9CD /* Build configuration list for PBXProject "Orion" */;
			compatibilityVersion = "Xcode 3.2";
			hasScannedForEncodings = 1;
			mainGroup = 7875D247129246B95ECD9087 /* Orion */;
			projectDirPath = "";
			projectRoot = "";
			targets = (
				B3F052CFCB02EE01BB1EE90F /* libOrion.dylib */,
			);
		};
/* End PBXProject section */

/* Begin PBXResourcesBuildPhase section */
		397CB199AB07CA0B5A08EFD9 /* Resources */ = {
			isa = PBXResourcesBuildPhase;
			buildActionMask = 2147483647;
			files = (
			);
			runOnlyForDeploymentPostprocessing = 0;
		};
/* End PBXResourcesBuildPhase section */

/* Begin PBXSourcesBuildPhase section */
		A329CAF014B4E362C3B60930 /* Sources */ = {
			isa = PBXSourcesBuildPhase;
			buildActionMask = 2147483647;
			files = (
				35324720FBC03E9269C26560 /* Application.cpp in Sources */,
				C91783BC2458D72EF7B321FC /* Log.cpp in Sources */,
				9F60ECCCFAA2403ECDFC8B0C /* oripch.cpp in Sources */,
			);
			runOnlyForDeploymentPostprocessing = 0;
		};
/* End PBXSourcesBuildPhase section */

/* Begin PBXVariantGroup section */
/* End PBXVariantGroup section */

/* Begin XCBuildConfiguration section */
		44112270E75CABA2022D78B0 /* Release */ = {
			isa = XCBuildConfiguration;
			buildSettings = {
				ARCHS = "$(NATIVE_ARCH_ACTUAL)";
				CLANG_CXX_LANGUAGE_STANDARD = "c++2a";
				CONFIGURATION_BUILD_DIR = "$(SYMROOT)";
				CONFIGURATION_TEMP_DIR = "$(OBJROOT)";
				COPY_PHASE_STRIP = NO;
				GCC_ENABLE_FIX_AND_CONTINUE = YES;
				GCC_OPTIMIZATION_LEVEL = 0;
				GCC_PRECOMPILE_PREFIX_HEADER = YES;
				GCC_PREFIX_HEADER = src/oripch.hpp;
				GCC_PREPROCESSOR_DEFINITIONS = (
					ORI_BUILD_DLL,
					ORI_PLATFORM_MAC,
					ORI_RELEASE,
				);
				GCC_SYMBOLS_PRIVATE_EXTERN = NO;
				GCC_WARN_ABOUT_RETURN_TYPE = YES;
				GCC_WARN_UNUSED_VARIABLE = YES;
				OBJROOT = "../bin-int/Release-macosx-ARM64/Orion";
				ONLY_ACTIVE_ARCH = YES;
				SYMROOT = "../bin/Release-macosx-ARM64/Orion";
				SYSTEM_HEADER_SEARCH_PATHS = (
					src,
					vendor/spdlog/include,
					"$(inherited)",
				);
			};
			name = Release;
		};
		4D2DC2B69D4157681FBF88F6 /* Debug */ = {
			isa = XCBuildConfiguration;
			buildSettings = {
				ARCHS = "$(NATIVE_ARCH_ACTUAL)";
				CLANG_CXX_LANGUAGE_STANDARD = "c++2a";
				CONFIGURATION_BUILD_DIR = "$(SYMROOT)";
				CONFIGURATION_TEMP_DIR = "$(OBJROOT)";
				COPY_PHASE_STRIP = NO;
				GCC_ENABLE_FIX_AND_CONTINUE = YES;
				GCC_OPTIMIZATION_LEVEL = 0;
				GCC_PRECOMPILE_PREFIX_HEADER = YES;
				GCC_PREFIX_HEADER = src/oripch.hpp;
				GCC_PREPROCESSOR_DEFINITIONS = (
					ORI_BUILD_DLL,
					DEBUG,
					ORI_PLATFORM_MAC,
					ORI_DEBUG,
				);
				GCC_SYMBOLS_PRIVATE_EXTERN = NO;
				GCC_WARN_ABOUT_RETURN_TYPE = YES;
				GCC_WARN_UNUSED_VARIABLE = YES;
				OBJROOT = "../bin-int/Debug-macosx-ARM64/Orion";
				ONLY_ACTIVE_ARCH = YES;
				SYMROOT = "../bin/Debug-macosx-ARM64/Orion";
				SYSTEM_HEADER_SEARCH_PATHS = (
					src,
					vendor/spdlog/include,
					"$(inherited)",
				);
			};
			name = Debug;
		};
		6BBD521EC6FEA5909A58F05E /* Debug */ = {
			isa = XCBuildConfiguration;
			buildSettings = {
				ALWAYS_SEARCH_USER_PATHS = NO;
				CONFIGURATION_BUILD_DIR = "../bin/Debug-macosx-ARM64/Orion";
				DEBUG_INFORMATION_FORMAT = "dwarf-with-dsym";
				EXECUTABLE_PREFIX = lib;
				GCC_DYNAMIC_NO_PIC = NO;
				INSTALL_PATH = /usr/local/lib;
				PRODUCT_NAME = Orion;
			};
			name = Debug;
		};
		971D6C98C801648ADB199AD8 /* Release */ = {
			isa = XCBuildConfiguration;
			buildSettings = {
				ALWAYS_SEARCH_USER_PATHS = NO;
				CONFIGURATION_BUILD_DIR = "../bin/Release-macosx-ARM64/Orion";
				DEBUG_INFORMATION_FORMAT = "dwarf-with-dsym";
				EXECUTABLE_PREFIX = lib;
				GCC_DYNAMIC_NO_PIC = NO;
				INSTALL_PATH = /usr/local/lib;
				PRODUCT_NAME = Orion;
			};
			name = Release;
		};
		B4A767ABD67314DD13283DEB /* Dist */ = {
			isa = XCBuildConfiguration;
			buildSettings = {
				ALWAYS_SEARCH_USER_PATHS = NO;
				CONFIGURATION_BUILD_DIR = "../bin/Dist-macosx-ARM64/Orion";
				DEBUG_INFORMATION_FORMAT = "dwarf-with-dsym";
				EXECUTABLE_PREFIX = lib;
				GCC_DYNAMIC_NO_PIC = NO;
				INSTALL_PATH = /usr/local/lib;
				PRODUCT_NAME = Orion;
			};
			name = Dist;
		};
		E956BB2322118195B1A8B963 /* Dist */ = {
			isa = XCBuildConfiguration;
			buildSettings = {
				ARCHS = "$(NATIVE_ARCH_ACTUAL)";
				CLANG_CXX_LANGUAGE_STANDARD = "c++2a";
				CONFIGURATION_BUILD_DIR = "$(SYMROOT)";
				CONFIGURATION_TEMP_DIR = "$(OBJROOT)";
				GCC_OPTIMIZATION_LEVEL = 3;
				GCC_PRECOMPILE_PREFIX_HEADER = YES;
				GCC_PREFIX_HEADER = src/oripch.hpp;
				GCC_PREPROCESSOR_DEFINITIONS = (
					ORI_BUILD_DLL,
					DEBUG,
					ORI_PLATFORM_MAC,
					ORI_DIST,
				);
				GCC_SYMBOLS_PRIVATE_EXTERN = NO;
				GCC_WARN_ABOUT_RETURN_TYPE = YES;
				GCC_WARN_UNUSED_VARIABLE = YES;
				OBJROOT = "../bin-int/Dist-macosx-ARM64/Orion";
				ONLY_ACTIVE_ARCH = NO;
				SYMROOT = "../bin/Dist-macosx-ARM64/Orion";
				SYSTEM_HEADER_SEARCH_PATHS = (
					src,
					vendor/spdlog/include,
					"$(inherited)",
				);
			};
			name = Dist;
		};
/* End XCBuildConfiguration section */

/* Begin XCConfigurationList section */
		1DEB928908733DD80010E9CD /* Build configuration list for PBXProject "Orion" */ = {
			isa = XCConfigurationList;
			buildConfigurations = (
				4D2DC2B69D4157681FBF88F6 /* Debug */,
				44112270E75CABA2022D78B0 /* Release */,
				E956BB2322118195B1A8B963 /* Dist */,
			);
			defaultConfigurationIsVisible = 0;
			defaultConfigurationName = Debug;
		};
		B7D07958295B91CAD85CB798 /* Build configuration list for PBXNativeTarget "libOrion.dylib" */ = {
			isa = XCConfigurationList;
			buildConfigurations = (
				6BBD521EC6FEA5909A58F05E /* Debug */,
				971D6C98C801648ADB199AD8 /* Release */,
				B4A767ABD67314DD13283DEB /* Dist */,
			);
			defaultConfigurationIsVisible = 0;
			defaultConfigurationName = Debug;
		};
/* End XCConfigurationList section */
};
rootObject = 08FB7793FE84155DC02AAC07 /* Project object */;
}